{
  "object": {
    "pins": [
      {
        "package": "Automata",
        "repositoryURL": "https://github.com/xiaoxinghu/Automata.git",
        "state": {
          "branch": "develop",
          "revision": "4e21ad7e9e64dfcb4433b4a97d4db8554f038da6",
          "version": null
        }
      },
      {
        "package": "FuncKit",
        "repositoryURL": "https://github.com/xiaoxinghu/FuncKit.git",
        "state": {
          "branch": null,
          "revision": "c1c537148b65ef824238ca0c738f806b38ca6cbf",
          "version": "1.0.3"
        }
      }
    ]
  },
  "version": 1
}
