{
  "object": {
    "pins": [
      {
        "package": "Automata",
        "repositoryURL": "https://github.com/xiaoxinghu/Automata.git",
        "state": {
          "branch": "feature/noattached",
          "revision": "1f37ef34fce63e1526858baf4bfc3528dc368f6d",
          "version": null
        }
      },
      {
        "package": "FuncKit",
        "repositoryURL": "https://github.com/xiaoxinghu/FuncKit.git",
        "state": {
          "branch": null,
          "revision": "c1c537148b65ef824238ca0c738f806b38ca6cbf",
          "version": "1.0.3"
        }
      }
    ]
  },
  "version": 1
}
